// !$*UTF8*$!
{
	archiveVersion = 1;
	classes = {
	};
	objectVersion = 50;
	objects = {

/* Begin PBXBuildFile section */
		42982665218A98CA008AD359 /* AppDelegate.swift in Sources */ = {isa = PBXBuildFile; fileRef = 42982664218A98CA008AD359 /* AppDelegate.swift */; };
		4298266A218A98CA008AD359 /* Main.storyboard in Resources */ = {isa = PBXBuildFile; fileRef = 42982668218A98CA008AD359 /* Main.storyboard */; };
		4298266C218A98CA008AD359 /* Assets.xcassets in Resources */ = {isa = PBXBuildFile; fileRef = 4298266B218A98CA008AD359 /* Assets.xcassets */; };
		4298266F218A98CA008AD359 /* LaunchScreen.storyboard in Resources */ = {isa = PBXBuildFile; fileRef = 4298266D218A98CA008AD359 /* LaunchScreen.storyboard */; };
		42982677218A9912008AD359 /* TouchViewController.swift in Sources */ = {isa = PBXBuildFile; fileRef = 42982676218A9912008AD359 /* TouchViewController.swift */; };
		42982679218A9925008AD359 /* GuestureViewController.swift in Sources */ = {isa = PBXBuildFile; fileRef = 42982678218A9925008AD359 /* GuestureViewController.swift */; };
/* End PBXBuildFile section */

/* Begin PBXFileReference section */
		42982661218A98CA008AD359 /* GuestureRecognizer.app */ = {isa = PBXFileReference; explicitFileType = wrapper.application; includeInIndex = 0; path = GuestureRecognizer.app; sourceTree = BUILT_PRODUCTS_DIR; };
		42982664218A98CA008AD359 /* AppDelegate.swift */ = {isa = PBXFileReference; lastKnownFileType = sourcecode.swift; path = AppDelegate.swift; sourceTree = "<group>"; };
		42982669218A98CA008AD359 /* Base */ = {isa = PBXFileReference; lastKnownFileType = file.storyboard; name = Base; path = Base.lproj/Main.storyboard; sourceTree = "<group>"; };
		4298266B218A98CA008AD359 /* Assets.xcassets */ = {isa = PBXFileReference; lastKnownFileType = folder.assetcatalog; path = Assets.xcassets; sourceTree = "<group>"; };
		4298266E218A98CA008AD359 /* Base */ = {isa = PBXFileReference; lastKnownFileType = file.storyboard; name = Base; path = Base.lproj/LaunchScreen.storyboard; sourceTree = "<group>"; };
		42982670218A98CA008AD359 /* Info.plist */ = {isa = PBXFileReference; lastKnownFileType = text.plist.xml; path = Info.plist; sourceTree = "<group>"; };
		42982676218A9912008AD359 /* TouchViewController.swift */ = {isa = PBXFileReference; lastKnownFileType = sourcecode.swift; path = TouchViewController.swift; sourceTree = "<group>"; };
		42982678218A9925008AD359 /* GuestureViewController.swift */ = {isa = PBXFileReference; lastKnownFileType = sourcecode.swift; path = GuestureViewController.swift; sourceTree = "<group>"; };
/* End PBXFileReference section */

/* Begin PBXFrameworksBuildPhase section */
		4298265E218A98CA008AD359 /* Frameworks */ = {
			isa = PBXFrameworksBuildPhase;
			buildActionMask = 2147483647;
			files = (
			);
			runOnlyForDeploymentPostprocessing = 0;
		};
/* End PBXFrameworksBuildPhase section */

/* Begin PBXGroup section */
		42982658218A98CA008AD359 = {
			isa = PBXGroup;
			children = (
				42982663218A98CA008AD359 /* GuestureRecognizer */,
				42982662218A98CA008AD359 /* Products */,
			);
			sourceTree = "<group>";
		};
		42982662218A98CA008AD359 /* Products */ = {
			isa = PBXGroup;
			children = (
				42982661218A98CA008AD359 /* GuestureRecognizer.app */,
			);
			name = Products;
			sourceTree = "<group>";
		};
		42982663218A98CA008AD359 /* GuestureRecognizer */ = {
			isa = PBXGroup;
			children = (
				42982664218A98CA008AD359 /* AppDelegate.swift */,
				42982668218A98CA008AD359 /* Main.storyboard */,
				42982676218A9912008AD359 /* TouchViewController.swift */,
				42982678218A9925008AD359 /* GuestureViewController.swift */,
				4298266B218A98CA008AD359 /* Assets.xcassets */,
				4298266D218A98CA008AD359 /* LaunchScreen.storyboard */,
				42982670218A98CA008AD359 /* Info.plist */,
			);
			path = GuestureRecognizer;
			sourceTree = "<group>";
		};
/* End PBXGroup section */

/* Begin PBXNativeTarget section */
		42982660218A98CA008AD359 /* GuestureRecognizer */ = {
			isa = PBXNativeTarget;
			buildConfigurationList = 42982673218A98CA008AD359 /* Build configuration list for PBXNativeTarget "GuestureRecognizer" */;
			buildPhases = (
				4298265D218A98CA008AD359 /* Sources */,
				4298265E218A98CA008AD359 /* Frameworks */,
				4298265F218A98CA008AD359 /* Resources */,
			);
			buildRules = (
			);
			dependencies = (
			);
			name = GuestureRecognizer;
			productName = GuestureRecognizer;
			productReference = 42982661218A98CA008AD359 /* GuestureRecognizer.app */;
			productType = "com.apple.product-type.application";
		};
/* End PBXNativeTarget section */

/* Begin PBXProject section */
		42982659218A98CA008AD359 /* Project object */ = {
			isa = PBXProject;
			attributes = {
				LastSwiftUpdateCheck = 1010;
				LastUpgradeCheck = 1010;
				ORGANIZATIONNAME = Maru;
				TargetAttributes = {
					42982660218A98CA008AD359 = {
						CreatedOnToolsVersion = 10.1;
					};
				};
			};
			buildConfigurationList = 4298265C218A98CA008AD359 /* Build configuration list for PBXProject "GuestureRecognizer" */;
			compatibilityVersion = "Xcode 9.3";
			developmentRegion = en;
			hasScannedForEncodings = 0;
			knownRegions = (
				en,
				Base,
			);
			mainGroup = 42982658218A98CA008AD359;
			productRefGroup = 42982662218A98CA008AD359 /* Products */;
			projectDirPath = "";
			projectRoot = "";
			targets = (
				42982660218A98CA008AD359 /* GuestureRecognizer */,
			);
		};
/* End PBXProject section */

/* Begin PBXResourcesBuildPhase section */
		4298265F218A98CA008AD359 /* Resources */ = {
			isa = PBXResourcesBuildPhase;
			buildActionMask = 2147483647;
			files = (
				4298266F218A98CA008AD359 /* LaunchScreen.storyboard in Resources */,
				4298266C218A98CA008AD359 /* Assets.xcassets in Resources */,
				4298266A218A98CA008AD359 /* Main.storyboard in Resources */,
			);
			runOnlyForDeploymentPostprocessing = 0;
		};
/* End PBXResourcesBuildPhase section */

/* Begin PBXSourcesBuildPhase section */
		4298265D218A98CA008AD359 /* Sources */ = {
			isa = PBXSourcesBuildPhase;
			buildActionMask = 2147483647;
			files = (
				42982665218A98CA008AD359 /* AppDelegate.swift in Sources */,
				42982679218A9925008AD359 /* GuestureViewController.swift in Sources */,
				42982677218A9912008AD359 /* TouchViewController.swift in Sources */,
			);
			runOnlyForDeploymentPostprocessing = 0;
		};
/* End PBXSourcesBuildPhase section */

/* Begin PBXVariantGroup section */
		42982668218A98CA008AD359 /* Main.storyboard */ = {
			isa = PBXVariantGroup;
			children = (
				42982669218A98CA008AD359 /* Base */,
			);
			name = Main.storyboard;
			sourceTree = "<group>";
		};
		4298266D218A98CA008AD359 /* LaunchScreen.storyboard */ = {
			isa = PBXVariantGroup;
			children = (
				4298266E218A98CA008AD359 /* Base */,
			);
			name = LaunchScreen.storyboard;
			sourceTree = "<group>";
		};
/* End PBXVariantGroup section */

/* Begin XCBuildConfiguration section */
		42982671218A98CA008AD359 /* Debug */ = {
			isa = XCBuildConfiguration;
			buildSettings = {
				ALWAYS_SEARCH_USER_PATHS = NO;
				CLANG_ANALYZER_NONNULL = YES;
				CLANG_ANALYZER_NUMBER_OBJECT_CONVERSION = YES_AGGRESSIVE;
				CLANG_CXX_LANGUAGE_STANDARD = "gnu++14";
				CLANG_CXX_LIBRARY = "libc++";
				CLANG_ENABLE_MODULES = YES;
				CLANG_ENABLE_OBJC_ARC = YES;
				CLANG_ENABLE_OBJC_WEAK = YES;
				CLANG_WARN_BLOCK_CAPTURE_AUTORELEASING = YES;
				CLANG_WARN_BOOL_CONVERSION = YES;
				CLANG_WARN_COMMA = YES;
				CLANG_WARN_CONSTANT_CONVERSION = YES;
				CLANG_WARN_DEPRECATED_OBJC_IMPLEMENTATIONS = YES;
				CLANG_WARN_DIRECT_OBJC_ISA_USAGE = YES_ERROR;
				CLANG_WARN_DOCUMENTATION_COMMENTS = YES;
				CLANG_WARN_EMPTY_BODY = YES;
				CLANG_WARN_ENUM_CONVERSION = YES;
				CLANG_WARN_INFINITE_RECURSION = YES;
				CLANG_WARN_INT_CONVERSION = YES;
				CLANG_WARN_NON_LITERAL_NULL_CONVERSION = YES;
				CLANG_WARN_OBJC_IMPLICIT_RETAIN_SELF = YES;
				CLANG_WARN_OBJC_LITERAL_CONVERSION = YES;
				CLANG_WARN_OBJC_ROOT_CLASS = YES_ERROR;
				CLANG_WARN_RANGE_LOOP_ANALYSIS = YES;
				CLANG_WARN_STRICT_PROTOTYPES = YES;
				CLANG_WARN_SUSPICIOUS_MOVE = YES;
				CLANG_WARN_UNGUARDED_AVAILABILITY = YES_AGGRESSIVE;
				CLANG_WARN_UNREACHABLE_CODE = YES;
				CLANG_WARN__DUPLICATE_METHOD_MATCH = YES;
				CODE_SIGN_IDENTITY = "iPhone Developer";
				COPY_PHASE_STRIP = NO;
				DEBUG_INFORMATION_FORMAT = dwarf;
				ENABLE_STRICT_OBJC_MSGSEND = YES;
				ENABLE_TESTABILITY = YES;
				GCC_C_LANGUAGE_STANDARD = gnu11;
				GCC_DYNAMIC_NO_PIC = NO;
				GCC_NO_COMMON_BLOCKS = YES;
				GCC_OPTIMIZATION_LEVEL = 0;
				GCC_PREPROCESSOR_DEFINITIONS = (
					"DEBUG=1",
					"$(inherited)",
				);
				GCC_WARN_64_TO_32_BIT_CONVERSION = YES;
				GCC_WARN_ABOUT_RETURN_TYPE = YES_ERROR;
				GCC_WARN_UNDECLARED_SELECTOR = YES;
				GCC_WARN_UNINITIALIZED_AUTOS = YES_AGGRESSIVE;
				GCC_WARN_UNUSED_FUNCTION = YES;
				GCC_WARN_UNUSED_VARIABLE = YES;
				IPHONEOS_DEPLOYMENT_TARGET = 12.1;
				MTL_ENABLE_DEBUG_INFO = INCLUDE_SOURCE;
				MTL_FAST_MATH = YES;
				ONLY_ACTIVE_ARCH = YES;
				SDKROOT = iphoneos;
				SWIFT_ACTIVE_COMPILATION_CONDITIONS = DEBUG;
				SWIFT_OPTIMIZATION_LEVEL = "-Onone";
			};
			name = Debug;
		};
		42982672218A98CA008AD359 /* Release */ = {
			isa = XCBuildConfiguration;
			buildSettings = {
				ALWAYS_SEARCH_USER_PATHS = NO;
				CLANG_ANALYZER_NONNULL = YES;
				CLANG_ANALYZER_NUMBER_OBJECT_CONVERSION = YES_AGGRESSIVE;
				CLANG_CXX_LANGUAGE_STANDARD = "gnu++14";
				CLANG_CXX_LIBRARY = "libc++";
				CLANG_ENABLE_MODULES = YES;
				CLANG_ENABLE_OBJC_ARC = YES;
				CLANG_ENABLE_OBJC_WEAK = YES;
				CLANG_WARN_BLOCK_CAPTURE_AUTORELEASING = YES;
				CLANG_WARN_BOOL_CONVERSION = YES;
				CLANG_WARN_COMMA = YES;
				CLANG_WARN_CONSTANT_CONVERSION = YES;
				CLANG_WARN_DEPRECATED_OBJC_IMPLEMENTATIONS = YES;
				CLANG_WARN_DIRECT_OBJC_ISA_USAGE = YES_ERROR;
				CLANG_WARN_DOCUMENTATION_COMMENTS = YES;
				CLANG_WARN_EMPTY_BODY = YES;
				CLANG_WARN_ENUM_CONVERSION = YES;
				CLANG_WARN_INFINITE_RECURSION = YES;
				CLANG_WARN_INT_CONVERSION = YES;
				CLANG_WARN_NON_LITERAL_NULL_CONVERSION = YES;
				CLANG_WARN_OBJC_IMPLICIT_RETAIN_SELF = YES;
				CLANG_WARN_OBJC_LITERAL_CONVERSION = YES;
				CLANG_WARN_OBJC_ROOT_CLASS = YES_ERROR;
				CLANG_WARN_RANGE_LOOP_ANALYSIS = YES;
				CLANG_WARN_STRICT_PROTOTYPES = YES;
				CLANG_WARN_SUSPICIOUS_MOVE = YES;
				CLANG_WARN_UNGUARDED_AVAILABILITY = YES_AGGRESSIVE;
				CLANG_WARN_UNREACHABLE_CODE = YES;
				CLANG_WARN__DUPLICATE_METHOD_MATCH = YES;
				CODE_SIGN_IDENTITY = "iPhone Developer";
				COPY_PHASE_STRIP = NO;
				DEBUG_INFORMATION_FORMAT = "dwarf-with-dsym";
				ENABLE_NS_ASSERTIONS = NO;
				ENABLE_STRICT_OBJC_MSGSEND = YES;
				GCC_C_LANGUAGE_STANDARD = gnu11;
				GCC_NO_COMMON_BLOCKS = YES;
				GCC_WARN_64_TO_32_BIT_CONVERSION = YES;
				GCC_WARN_ABOUT_RETURN_TYPE = YES_ERROR;
				GCC_WARN_UNDECLARED_SELECTOR = YES;
				GCC_WARN_UNINITIALIZED_AUTOS = YES_AGGRESSIVE;
				GCC_WARN_UNUSED_FUNCTION = YES;
				GCC_WARN_UNUSED_VARIABLE = YES;
				IPHONEOS_DEPLOYMENT_TARGET = 12.1;
				MTL_ENABLE_DEBUG_INFO = NO;
				MTL_FAST_MATH = YES;
				SDKROOT = iphoneos;
				SWIFT_COMPILATION_MODE = wholemodule;
				SWIFT_OPTIMIZATION_LEVEL = "-O";
				VALIDATE_PRODUCT = YES;
			};
			name = Release;
		};
		42982674218A98CA008AD359 /* Debug */ = {
			isa = XCBuildConfiguration;
			buildSettings = {
				ASSETCATALOG_COMPILER_APPICON_NAME = AppIcon;
				CODE_SIGN_STYLE = Automatic;
				DEVELOPMENT_TEAM = 4R3SZ74XNA;
				INFOPLIST_FILE = GuestureRecognizer/Info.plist;
				LD_RUNPATH_SEARCH_PATHS = (
					"$(inherited)",
					"@executable_path/Frameworks",
				);
				PRODUCT_BUNDLE_IDENTIFIER = com.maru.www.GuestureRecognizer;
				PRODUCT_NAME = "$(TARGET_NAME)";
				SWIFT_VERSION = 4.2;
				TARGETED_DEVICE_FAMILY = "1,2";
			};
			name = Debug;
		};
		42982675218A98CA008AD359 /* Release */ = {
			isa = XCBuildConfiguration;
			buildSettings = {
				ASSETCATALOG_COMPILER_APPICON_NAME = AppIcon;
				CODE_SIGN_STYLE = Automatic;
				DEVELOPMENT_TEAM = 4R3SZ74XNA;
				INFOPLIST_FILE = GuestureRecognizer/Info.plist;
				LD_RUNPATH_SEARCH_PATHS = (
					"$(inherited)",
					"@executable_path/Frameworks",
				);
				PRODUCT_BUNDLE_IDENTIFIER = com.maru.www.GuestureRecognizer;
				PRODUCT_NAME = "$(TARGET_NAME)";
				SWIFT_VERSION = 4.2;
				TARGETED_DEVICE_FAMILY = "1,2";
			};
			name = Release;
		};
/* End XCBuildConfiguration section */

/* Begin XCConfigurationList section */
		4298265C218A98CA008AD359 /* Build configuration list for PBXProject "GuestureRecognizer" */ = {
			isa = XCConfigurationList;
			buildConfigurations = (
				42982671218A98CA008AD359 /* Debug */,
				42982672218A98CA008AD359 /* Release */,
			);
			defaultConfigurationIsVisible = 0;
			defaultConfigurationName = Release;
		};
		42982673218A98CA008AD359 /* Build configuration list for PBXNativeTarget "GuestureRecognizer" */ = {
			isa = XCConfigurationList;
			buildConfigurations = (
				42982674218A98CA008AD359 /* Debug */,
				42982675218A98CA008AD359 /* Release */,
			);
			defaultConfigurationIsVisible = 0;
			defaultConfigurationName = Release;
		};
/* End XCConfigurationList section */
	};
	rootObject = 42982659218A98CA008AD359 /* Project object */;
}
